lockfileVersion: 5.3

specifiers:
  css-loader: ^6.8.1
  sass: ^1.69.5
  sass-loader: ^13.3.2
  style-loader: ^3.3.3
  webpack: ^5.89.0
  webpack-cli: ^5.1.4

devDependencies:
  css-loader: 6.8.1_webpack@5.89.0
  sass: 1.69.5
  sass-loader: 13.3.2_sass@1.69.5+webpack@5.89.0
  style-loader: 3.3.3_webpack@5.89.0
  webpack: 5.89.0_webpack-cli@5.1.4
  webpack-cli: 5.1.4_webpack@5.89.0

packages:

  /@discoveryjs/json-ext/0.5.7:
    resolution: {integrity: sha1-HVcr+74Ut3BOC6Dzm3SBW4SHDXA=}
    engines: {node: '>=10.0.0'}
    dev: true

  /@jridgewell/gen-mapping/0.3.3:
    resolution: {integrity: sha1-fgLm6135AartsIUUIDsJZhQCQJg=, tarball: https://art.haizhi.com:443/artifactory/api/npm/npm/@jridgewell/gen-mapping/-/gen-mapping-0.3.3.tgz}
    engines: {node: '>=6.0.0'}
    dependencies:
      '@jridgewell/set-array': 1.1.2
      '@jridgewell/sourcemap-codec': 1.4.15
      '@jridgewell/trace-mapping': 0.3.20
    dev: true

  /@jridgewell/resolve-uri/3.1.1:
    resolution: {integrity: sha1-wIZ5Bj8nlhWjMmWDujqQ0dgsxyE=, tarball: https://art.haizhi.com:443/artifactory/api/npm/npm/@jridgewell/resolve-uri/-/resolve-uri-3.1.1.tgz}
    engines: {node: '>=6.0.0'}
    dev: true

  /@jridgewell/set-array/1.1.2:
    resolution: {integrity: sha1-fGz5mNbSC5FMClWpGuko/yWWXnI=, tarball: https://art.haizhi.com:443/artifactory/api/npm/npm/@jridgewell/set-array/-/set-array-1.1.2.tgz}
    engines: {node: '>=6.0.0'}
    dev: true

  /@jridgewell/source-map/0.3.5:
    resolution: {integrity: sha1-o7tNXGglqrDSgSaPR/atWFNDHpE=, tarball: https://art.haizhi.com:443/artifactory/api/npm/npm/@jridgewell/source-map/-/source-map-0.3.5.tgz}
    dependencies:
      '@jridgewell/gen-mapping': 0.3.3
      '@jridgewell/trace-mapping': 0.3.20
    dev: true

  /@jridgewell/sourcemap-codec/1.4.15:
    resolution: {integrity: sha1-18bmdVx4VnqVHgSrUu8P0m3lnzI=, tarball: https://art.haizhi.com:443/artifactory/api/npm/npm/@jridgewell/sourcemap-codec/-/sourcemap-codec-1.4.15.tgz}
    dev: true

  /@jridgewell/trace-mapping/0.3.20:
    resolution: {integrity: sha1-cuRXB88kD6awgdA2b4JlsM0QGX8=}
    dependencies:
      '@jridgewell/resolve-uri': 3.1.1
      '@jridgewell/sourcemap-codec': 1.4.15
    dev: true

  /@types/eslint-scope/3.7.7:
    resolution: {integrity: sha1-MQi9XxiwzbJ3yGez3UScntcHmsU=}
    dependencies:
      '@types/eslint': 8.44.8
      '@types/estree': 1.0.5
    dev: true

  /@types/eslint/8.44.8:
    resolution: {integrity: sha1-9P4dq5s9PdmAgtS5+A5Zq0DxJhw=, tarball: https://art.haizhi.com:443/artifactory/api/npm/npm/@types/eslint/-/eslint-8.44.8.tgz}
    dependencies:
      '@types/estree': 1.0.5
      '@types/json-schema': 7.0.15
    dev: true

  /@types/estree/1.0.5:
    resolution: {integrity: sha1-ps4+VW4A/ZiV3Yct0XKtDUvWh/Q=}
    dev: true

  /@types/json-schema/7.0.15:
    resolution: {integrity: sha1-WWoXRyM2lNUPatinhp/Lb1bPWEE=}
    dev: true

  /@types/node/20.10.3:
    resolution: {integrity: sha1-SQCtzH/BidWvW7QdqPVDzqaWIDA=, tarball: https://art.haizhi.com:443/artifactory/api/npm/npm/@types/node/-/node-20.10.3.tgz}
    dependencies:
      undici-types: 5.26.5
    dev: true

  /@webassemblyjs/ast/1.11.6:
    resolution: {integrity: sha1-2wRlVdPEE/iWbKUKlRdqDixkLiQ=}
    dependencies:
      '@webassemblyjs/helper-numbers': 1.11.6
      '@webassemblyjs/helper-wasm-bytecode': 1.11.6
    dev: true

  /@webassemblyjs/floating-point-hex-parser/1.11.6:
    resolution: {integrity: sha1-2svLla/xNcgmD3f6O0xf6mAKZDE=, tarball: https://art.haizhi.com:443/artifactory/api/npm/npm/@webassemblyjs/floating-point-hex-parser/-/floating-point-hex-parser-1.11.6.tgz}
    dev: true

  /@webassemblyjs/helper-api-error/1.11.6:
    resolution: {integrity: sha1-YTL2jErNWdzRQcRLGMvrvZ8vp2g=, tarball: https://art.haizhi.com:443/artifactory/api/npm/npm/@webassemblyjs/helper-api-error/-/helper-api-error-1.11.6.tgz}
    dev: true

  /@webassemblyjs/helper-buffer/1.11.6:
    resolution: {integrity: sha1-tm1zxD4pb9XogAbxhST+sPLHwJM=, tarball: https://art.haizhi.com:443/artifactory/api/npm/npm/@webassemblyjs/helper-buffer/-/helper-buffer-1.11.6.tgz}
    dev: true

  /@webassemblyjs/helper-numbers/1.11.6:
    resolution: {integrity: sha1-y85efgwb0yz0kFrkRO9kzqkZ8bU=, tarball: https://art.haizhi.com:443/artifactory/api/npm/npm/@webassemblyjs/helper-numbers/-/helper-numbers-1.11.6.tgz}
    dependencies:
      '@webassemblyjs/floating-point-hex-parser': 1.11.6
      '@webassemblyjs/helper-api-error': 1.11.6
      '@xtuc/long': 4.2.2
    dev: true

  /@webassemblyjs/helper-wasm-bytecode/1.11.6:
    resolution: {integrity: sha1-uy69s7g6om2bqtTEbUMVKDrNUek=, tarball: https://art.haizhi.com:443/artifactory/api/npm/npm/@webassemblyjs/helper-wasm-bytecode/-/helper-wasm-bytecode-1.11.6.tgz}
    dev: true

  /@webassemblyjs/helper-wasm-section/1.11.6:
    resolution: {integrity: sha1-/5fzhjxV7n9YD9XEGjgene9KpXc=, tarball: https://art.haizhi.com:443/artifactory/api/npm/npm/@webassemblyjs/helper-wasm-section/-/helper-wasm-section-1.11.6.tgz}
    dependencies:
      '@webassemblyjs/ast': 1.11.6
      '@webassemblyjs/helper-buffer': 1.11.6
      '@webassemblyjs/helper-wasm-bytecode': 1.11.6
      '@webassemblyjs/wasm-gen': 1.11.6
    dev: true

  /@webassemblyjs/ieee754/1.11.6:
    resolution: {integrity: sha1-u2ZckdCxT//OsOOCmMMprwQ8bjo=, tarball: https://art.haizhi.com:443/artifactory/api/npm/npm/@webassemblyjs/ieee754/-/ieee754-1.11.6.tgz}
    dependencies:
      '@xtuc/ieee754': 1.2.0
    dev: true

  /@webassemblyjs/leb128/1.11.6:
    resolution: {integrity: sha1-cOYOXoL5rIERi8JTgaCyg4kyQNc=, tarball: https://art.haizhi.com:443/artifactory/api/npm/npm/@webassemblyjs/leb128/-/leb128-1.11.6.tgz}
    dependencies:
      '@xtuc/long': 4.2.2
    dev: true

  /@webassemblyjs/utf8/1.11.6:
    resolution: {integrity: sha1-kPi8NMVhWV/hVmA75yU8280Pq1o=, tarball: https://art.haizhi.com:443/artifactory/api/npm/npm/@webassemblyjs/utf8/-/utf8-1.11.6.tgz}
    dev: true

  /@webassemblyjs/wasm-edit/1.11.6:
    resolution: {integrity: sha1-xy+oIgUkybQWJJ89lMKVjf5wzqs=}
    dependencies:
      '@webassemblyjs/ast': 1.11.6
      '@webassemblyjs/helper-buffer': 1.11.6
      '@webassemblyjs/helper-wasm-bytecode': 1.11.6
      '@webassemblyjs/helper-wasm-section': 1.11.6
      '@webassemblyjs/wasm-gen': 1.11.6
      '@webassemblyjs/wasm-opt': 1.11.6
      '@webassemblyjs/wasm-parser': 1.11.6
      '@webassemblyjs/wast-printer': 1.11.6
    dev: true

  /@webassemblyjs/wasm-gen/1.11.6:
    resolution: {integrity: sha1-+1KD4Oi0VRzE6cPA1xhKZfr3wmg=, tarball: https://art.haizhi.com:443/artifactory/api/npm/npm/@webassemblyjs/wasm-gen/-/wasm-gen-1.11.6.tgz}
    dependencies:
      '@webassemblyjs/ast': 1.11.6
      '@webassemblyjs/helper-wasm-bytecode': 1.11.6
      '@webassemblyjs/ieee754': 1.11.6
      '@webassemblyjs/leb128': 1.11.6
      '@webassemblyjs/utf8': 1.11.6
    dev: true

  /@webassemblyjs/wasm-opt/1.11.6:
    resolution: {integrity: sha1-2aItZRJIQiykmLCaoyMqgQQUh8I=, tarball: https://art.haizhi.com:443/artifactory/api/npm/npm/@webassemblyjs/wasm-opt/-/wasm-opt-1.11.6.tgz}
    dependencies:
      '@webassemblyjs/ast': 1.11.6
      '@webassemblyjs/helper-buffer': 1.11.6
      '@webassemblyjs/wasm-gen': 1.11.6
      '@webassemblyjs/wasm-parser': 1.11.6
    dev: true

  /@webassemblyjs/wasm-parser/1.11.6:
    resolution: {integrity: sha1-u4U3jFJ9+CQASBK723hO6lORdKE=}
    dependencies:
      '@webassemblyjs/ast': 1.11.6
      '@webassemblyjs/helper-api-error': 1.11.6
      '@webassemblyjs/helper-wasm-bytecode': 1.11.6
      '@webassemblyjs/ieee754': 1.11.6
      '@webassemblyjs/leb128': 1.11.6
      '@webassemblyjs/utf8': 1.11.6
    dev: true

  /@webassemblyjs/wast-printer/1.11.6:
    resolution: {integrity: sha1-p7+N1+NirrFmj/Q/NcuEnxiO/yA=, tarball: https://art.haizhi.com:443/artifactory/api/npm/npm/@webassemblyjs/wast-printer/-/wast-printer-1.11.6.tgz}
    dependencies:
      '@webassemblyjs/ast': 1.11.6
      '@xtuc/long': 4.2.2
    dev: true

  /@webpack-cli/configtest/2.1.1_webpack-cli@5.1.4+webpack@5.89.0:
    resolution: {integrity: sha1-Oy+FLpHaxuO4X7KjFPuL70bZRkY=}
    engines: {node: '>=14.15.0'}
    peerDependencies:
      webpack: 5.x.x
      webpack-cli: 5.x.x
    dependencies:
      webpack: 5.89.0_webpack-cli@5.1.4
      webpack-cli: 5.1.4_webpack@5.89.0
    dev: true

  /@webpack-cli/info/2.0.2_webpack-cli@5.1.4+webpack@5.89.0:
    resolution: {integrity: sha1-zD+/Iu/riP9iMQz4hcWwn0SuD90=}
    engines: {node: '>=14.15.0'}
    peerDependencies:
      webpack: 5.x.x
      webpack-cli: 5.x.x
    dependencies:
      webpack: 5.89.0_webpack-cli@5.1.4
      webpack-cli: 5.1.4_webpack@5.89.0
    dev: true

  /@webpack-cli/serve/2.0.5_webpack-cli@5.1.4+webpack@5.89.0:
    resolution: {integrity: sha1-Ml20I5XNSf5sFAV/mpAOQn34gQ4=}
    engines: {node: '>=14.15.0'}
    peerDependencies:
      webpack: 5.x.x
      webpack-cli: 5.x.x
      webpack-dev-server: '*'
    peerDependenciesMeta:
      webpack-dev-server:
        optional: true
    dependencies:
      webpack: 5.89.0_webpack-cli@5.1.4
      webpack-cli: 5.1.4_webpack@5.89.0
    dev: true

  /@xtuc/ieee754/1.2.0:
    resolution: {integrity: sha1-7vAUoxRa5Hehy8AM0eVSM23Ot5A=, tarball: https://art.haizhi.com:443/artifactory/api/npm/npm/@xtuc/ieee754/-/ieee754-1.2.0.tgz}
    dev: true

  /@xtuc/long/4.2.2:
    resolution: {integrity: sha1-0pHGpOl5ibXGHZrPOWrk/hM6cY0=, tarball: https://art.haizhi.com:443/artifactory/api/npm/npm/@xtuc/long/-/long-4.2.2.tgz}
    dev: true

  /acorn-import-assertions/1.9.0_acorn@8.11.2:
    resolution: {integrity: sha1-UHJ2JJ1oR5fITgc074SGAzTPsaw=}
    peerDependencies:
      acorn: ^8
    dependencies:
      acorn: 8.11.2
    dev: true

  /acorn/8.11.2:
    resolution: {integrity: sha1-yg14tRiVvlOQpZA8Wzvc2veK5As=}
    engines: {node: '>=0.4.0'}
    hasBin: true
    dev: true

  /ajv-keywords/3.5.2_ajv@6.12.6:
    resolution: {integrity: sha1-MfKdpatuANHC0yms97WSlhTVAU0=}
    peerDependencies:
      ajv: ^6.9.1
    dependencies:
      ajv: 6.12.6
    dev: true

  /ajv/6.12.6:
    resolution: {integrity: sha1-uvWmLoArB9l3A0WG+MO69a3ybfQ=}
    dependencies:
      fast-deep-equal: 3.1.3
      fast-json-stable-stringify: 2.1.0
      json-schema-traverse: 0.4.1
      uri-js: 4.4.1
    dev: true

  /anymatch/3.1.3:
    resolution: {integrity: sha1-eQxYsZuhcgqEIFtXxhjVrYUklz4=, tarball: https://art.haizhi.com:443/artifactory/api/npm/npm/anymatch/-/anymatch-3.1.3.tgz}
    engines: {node: '>= 8'}
    dependencies:
      normalize-path: 3.0.0
      picomatch: 2.3.1
    dev: true

  /binary-extensions/2.2.0:
    resolution: {integrity: sha1-dfUC7q+f/eQvyYgpZFvk6na9ni0=, tarball: https://art.haizhi.com:443/artifactory/api/npm/npm/binary-extensions/-/binary-extensions-2.2.0.tgz}
    engines: {node: '>=8'}
    dev: true

  /braces/3.0.2:
    resolution: {integrity: sha1-NFThpGLujVmeI23zNs2epPiv4Qc=, tarball: https://art.haizhi.com:443/artifactory/api/npm/npm/braces/-/braces-3.0.2.tgz}
    engines: {node: '>=8'}
    dependencies:
      fill-range: 7.0.1
    dev: true

  /browserslist/4.22.2:
    resolution: {integrity: sha1-cExJQwcr2B6hiZfzvSGA6Jx3h0s=}
    engines: {node: ^6 || ^7 || ^8 || ^9 || ^10 || ^11 || ^12 || >=13.7}
    hasBin: true
    dependencies:
      caniuse-lite: 1.0.30001566
      electron-to-chromium: 1.4.603
      node-releases: 2.0.14
      update-browserslist-db: 1.0.13_browserslist@4.22.2
    dev: true

  /buffer-from/1.1.2:
    resolution: {integrity: sha1-KxRqb9cugLT1XSVfNe1Zo6mkG9U=, tarball: https://art.haizhi.com:443/artifactory/api/npm/npm/buffer-from/-/buffer-from-1.1.2.tgz}
    dev: true

  /caniuse-lite/1.0.30001566:
    resolution: {integrity: sha1-YajhfK83UuPkJtQjnFSeu7N/7w0=}
    dev: true

  /chokidar/3.5.3:
    resolution: {integrity: sha1-HPN8hwe5Mr0a8a4iwEMuKs0ZA70=, tarball: https://art.haizhi.com:443/artifactory/api/npm/npm/chokidar/-/chokidar-3.5.3.tgz}
    engines: {node: '>= 8.10.0'}
    dependencies:
      anymatch: 3.1.3
      braces: 3.0.2
      glob-parent: 5.1.2
      is-binary-path: 2.1.0
      is-glob: 4.0.3
      normalize-path: 3.0.0
      readdirp: 3.6.0
    optionalDependencies:
      fsevents: 2.3.3
    dev: true

  /chrome-trace-event/1.0.3:
    resolution: {integrity: sha1-EBXs7UdB4V0GZkqVfbv1DQQeJqw=}
    engines: {node: '>=6.0'}
    dev: true

  /clone-deep/4.0.1:
    resolution: {integrity: sha1-wZ/Zvbv4WUK0/ZechNz31fB8I4c=, tarball: https://art.haizhi.com:443/artifactory/api/npm/npm/clone-deep/-/clone-deep-4.0.1.tgz}
    engines: {node: '>=6'}
    dependencies:
      is-plain-object: 2.0.4
      kind-of: 6.0.3
      shallow-clone: 3.0.1
    dev: true

  /colorette/2.0.20:
    resolution: {integrity: sha1-nreT5oMwZ/cjWQL807CZF6AAqVo=}
    dev: true

  /commander/10.0.1:
    resolution: {integrity: sha1-iB7ka0930cHczFgjQzqjmwIsvgY=}
    engines: {node: '>=14'}
    dev: true

  /commander/2.20.3:
    resolution: {integrity: sha1-/UhehMA+tIgcIHIrpIA16FMa6zM=, tarball: https://art.haizhi.com:443/artifactory/api/npm/npm/commander/-/commander-2.20.3.tgz}
    dev: true

  /cross-spawn/7.0.3:
    resolution: {integrity: sha1-9zqFudXUHQRVUcF34ogtSshXKKY=}
    engines: {node: '>= 8'}
    dependencies:
      path-key: 3.1.1
      shebang-command: 2.0.0
      which: 2.0.2
    dev: true

  /css-loader/6.8.1_webpack@5.89.0:
    resolution: {integrity: sha1-D49SaZ9g9eZ56rTsD81ouOilCog=}
    engines: {node: '>= 12.13.0'}
    peerDependencies:
      webpack: ^5.0.0
    dependencies:
      icss-utils: 5.1.0_postcss@8.4.32
      postcss: 8.4.32
      postcss-modules-extract-imports: 3.0.0_postcss@8.4.32
      postcss-modules-local-by-default: 4.0.3_postcss@8.4.32
      postcss-modules-scope: 3.0.0_postcss@8.4.32
      postcss-modules-values: 4.0.0_postcss@8.4.32
      postcss-value-parser: 4.2.0
      semver: 7.5.4
      webpack: 5.89.0_webpack-cli@5.1.4
    dev: true

  /cssesc/3.0.0:
    resolution: {integrity: sha1-N3QZGZA7hoVl4cCep0dEXNGJg+4=, tarball: https://art.haizhi.com:443/artifactory/api/npm/npm/cssesc/-/cssesc-3.0.0.tgz}
    engines: {node: '>=4'}
    hasBin: true
    dev: true

  /electron-to-chromium/1.4.603:
    resolution: {integrity: sha1-RGkHwh0zO1XQvquhy1tIQwd1qKc=}
    dev: true

  /enhanced-resolve/5.15.0:
    resolution: {integrity: sha1-GvlGx9k2A+uI6Yls7kkE3AEunDU=}
    engines: {node: '>=10.13.0'}
    dependencies:
      graceful-fs: 4.2.11
      tapable: 2.2.1
    dev: true

  /envinfo/7.11.0:
    resolution: {integrity: sha1-w3k/RChKVf+Mgvrx/9kbxkeOoB8=}
    engines: {node: '>=4'}
    hasBin: true
    dev: true

  /es-module-lexer/1.4.1:
    resolution: {integrity: sha1-QeohtDkI/moof/y+QwD3kFVTMfU=}
    dev: true

  /escalade/3.1.1:
    resolution: {integrity: sha1-2M/ccACWXFoBdLSoLqpcBVJ0LkA=}
    engines: {node: '>=6'}
    dev: true

  /eslint-scope/5.1.1:
    resolution: {integrity: sha1-54blmmbLkrP2wfsNUIqrF0hI9Iw=}
    engines: {node: '>=8.0.0'}
    dependencies:
      esrecurse: 4.3.0
      estraverse: 4.3.0
    dev: true

  /esrecurse/4.3.0:
    resolution: {integrity: sha1-eteWTWeauyi+5yzsY3WLHF0smSE=, tarball: https://art.haizhi.com:443/artifactory/api/npm/npm/esrecurse/-/esrecurse-4.3.0.tgz}
    engines: {node: '>=4.0'}
    dependencies:
      estraverse: 5.3.0
    dev: true

  /estraverse/4.3.0:
    resolution: {integrity: sha1-OYrT88WiSUi+dyXoPRGn3ijNvR0=, tarball: https://art.haizhi.com:443/artifactory/api/npm/npm/estraverse/-/estraverse-4.3.0.tgz}
    engines: {node: '>=4.0'}
    dev: true

  /estraverse/5.3.0:
    resolution: {integrity: sha1-LupSkHAvJquP5TcDcP+GyWXSESM=, tarball: https://art.haizhi.com:443/artifactory/api/npm/npm/estraverse/-/estraverse-5.3.0.tgz}
    engines: {node: '>=4.0'}
    dev: true

  /events/3.3.0:
    resolution: {integrity: sha1-Mala0Kkk4tLEGagTrrLE6HjqdAA=}
    engines: {node: '>=0.8.x'}
    dev: true

  /fast-deep-equal/3.1.3:
    resolution: {integrity: sha1-On1WtVnWy8PrUSMlJE5hmmXGxSU=, tarball: https://art.haizhi.com:443/artifactory/api/npm/npm/fast-deep-equal/-/fast-deep-equal-3.1.3.tgz}
    dev: true

  /fast-json-stable-stringify/2.1.0:
    resolution: {integrity: sha1-h0v2nG9ATCtdmcSBNBOZ/VWJJjM=, tarball: https://art.haizhi.com:443/artifactory/api/npm/npm/fast-json-stable-stringify/-/fast-json-stable-stringify-2.1.0.tgz}
    dev: true

  /fastest-levenshtein/1.0.16:
    resolution: {integrity: sha1-IQ5htv8YHekeqbPRuE/e3UfgNOU=}
    engines: {node: '>= 4.9.1'}
    dev: true

  /fill-range/7.0.1:
    resolution: {integrity: sha1-GRmmp8df44ssfHflGYU12prN2kA=, tarball: https://art.haizhi.com:443/artifactory/api/npm/npm/fill-range/-/fill-range-7.0.1.tgz}
    engines: {node: '>=8'}
    dependencies:
      to-regex-range: 5.0.1
    dev: true

  /find-up/4.1.0:
    resolution: {integrity: sha1-l6/n1s3AvFkoWEt8jXsW6KmqXRk=, tarball: https://art.haizhi.com:443/artifactory/api/npm/npm/find-up/-/find-up-4.1.0.tgz}
    engines: {node: '>=8'}
    dependencies:
      locate-path: 5.0.0
      path-exists: 4.0.0
    dev: true

  /flat/5.0.2:
    resolution: {integrity: sha1-jKb+MyBp/6nTJMMnGYxZglnOskE=, tarball: https://art.haizhi.com:443/artifactory/api/npm/npm/flat/-/flat-5.0.2.tgz}
    hasBin: true
    dev: true

  /fsevents/2.3.3:
    resolution: {integrity: sha1-ysZAd4XQNnWipeGlMFxpezR9kNY=, tarball: https://art.haizhi.com:443/artifactory/api/npm/npm/fsevents/-/fsevents-2.3.3.tgz}
    engines: {node: ^8.16.0 || ^10.6.0 || >=11.0.0}
    os: [darwin]
    requiresBuild: true
    dev: true
    optional: true

  /function-bind/1.1.2:
    resolution: {integrity: sha1-LALYZNl/PqbIgwxGTL0Rq26rehw=, tarball: https://art.haizhi.com:443/artifactory/api/npm/npm/function-bind/-/function-bind-1.1.2.tgz}
    dev: true

  /glob-parent/5.1.2:
    resolution: {integrity: sha1-hpgyxYA0/mikCTwX3BXoNA2EAcQ=, tarball: https://art.haizhi.com:443/artifactory/api/npm/npm/glob-parent/-/glob-parent-5.1.2.tgz}
    engines: {node: '>= 6'}
    dependencies:
      is-glob: 4.0.3
    dev: true

  /glob-to-regexp/0.4.1:
    resolution: {integrity: sha1-x1KXCHyFG5pXi9IX3VmpL1n+VG4=}
    dev: true

  /graceful-fs/4.2.11:
    resolution: {integrity: sha1-QYPk6L8Iu24Fu7L30uDI9xLKQOM=}
    dev: true

  /has-flag/4.0.0:
    resolution: {integrity: sha1-lEdx/ZyByBJlxNaUGGDaBrtZR5s=, tarball: https://art.haizhi.com:443/artifactory/api/npm/npm/has-flag/-/has-flag-4.0.0.tgz}
    engines: {node: '>=8'}
    dev: true

  /hasown/2.0.0:
    resolution: {integrity: sha1-9MUT1FSle3x+FlB3jeImsRcAVGw=, tarball: https://art.haizhi.com:443/artifactory/api/npm/npm/hasown/-/hasown-2.0.0.tgz}
    engines: {node: '>= 0.4'}
    dependencies:
      function-bind: 1.1.2
    dev: true

  /icss-utils/5.1.0_postcss@8.4.32:
    resolution: {integrity: sha1-xr5oWKvQE9do6YNmrkfiXViHsa4=}
    engines: {node: ^10 || ^12 || >= 14}
    peerDependencies:
      postcss: ^8.1.0
    dependencies:
      postcss: 8.4.32
    dev: true

  /immutable/4.3.4:
    resolution: {integrity: sha1-LgezODe0u3Zi8ojCRNHO0e9lp48=, tarball: https://art.haizhi.com:443/artifactory/api/npm/npm/immutable/-/immutable-4.3.4.tgz}
    dev: true

  /import-local/3.1.0:
    resolution: {integrity: sha1-tEed+KX9RPbNziQHBnVnYGPJXLQ=}
    engines: {node: '>=8'}
    hasBin: true
    dependencies:
      pkg-dir: 4.2.0
      resolve-cwd: 3.0.0
    dev: true

  /interpret/3.1.1:
    resolution: {integrity: sha1-W+DO7WfKecbEvFzw1+6EPc6hEMQ=}
    engines: {node: '>=10.13.0'}
    dev: true

  /is-binary-path/2.1.0:
    resolution: {integrity: sha1-6h9/O4DwZCNug0cPhsCcJU+0Wwk=, tarball: https://art.haizhi.com:443/artifactory/api/npm/npm/is-binary-path/-/is-binary-path-2.1.0.tgz}
    engines: {node: '>=8'}
    dependencies:
      binary-extensions: 2.2.0
    dev: true

  /is-core-module/2.13.1:
    resolution: {integrity: sha1-rQ11Msb+qdoevcgnQtdFJcYnM4Q=, tarball: https://art.haizhi.com:443/artifactory/api/npm/npm/is-core-module/-/is-core-module-2.13.1.tgz}
    dependencies:
      hasown: 2.0.0
    dev: true

  /is-extglob/2.1.1:
    resolution: {integrity: sha1-qIwCU1eR8C7TfHahueqXc8gz+MI=, tarball: https://art.haizhi.com:443/artifactory/api/npm/npm/is-extglob/-/is-extglob-2.1.1.tgz}
    engines: {node: '>=0.10.0'}
    dev: true

  /is-glob/4.0.3:
    resolution: {integrity: sha1-ZPYeQsu7LuwgcanawLKLoeZdUIQ=, tarball: https://art.haizhi.com:443/artifactory/api/npm/npm/is-glob/-/is-glob-4.0.3.tgz}
    engines: {node: '>=0.10.0'}
    dependencies:
      is-extglob: 2.1.1
    dev: true

  /is-number/7.0.0:
    resolution: {integrity: sha1-dTU0W4lnNNX4DE0GxQlVUnoU8Ss=, tarball: https://art.haizhi.com:443/artifactory/api/npm/npm/is-number/-/is-number-7.0.0.tgz}
    engines: {node: '>=0.12.0'}
    dev: true

  /is-plain-object/2.0.4:
    resolution: {integrity: sha1-LBY7P6+xtgbZ0Xko8FwqHDjgdnc=, tarball: https://art.haizhi.com:443/artifactory/api/npm/npm/is-plain-object/-/is-plain-object-2.0.4.tgz}
    engines: {node: '>=0.10.0'}
    dependencies:
      isobject: 3.0.1
    dev: true

  /isexe/2.0.0:
    resolution: {integrity: sha1-6PvzdNxVb/iUehDcsFctYz8s+hA=, tarball: https://art.haizhi.com:443/artifactory/api/npm/npm/isexe/-/isexe-2.0.0.tgz}
    dev: true

  /isobject/3.0.1:
    resolution: {integrity: sha1-TkMekrEalzFjaqH5yNHMvP2reN8=, tarball: https://art.haizhi.com:443/artifactory/api/npm/npm/isobject/-/isobject-3.0.1.tgz}
    engines: {node: '>=0.10.0'}
    dev: true

  /jest-worker/27.5.1:
    resolution: {integrity: sha1-jRRvCQDolzsQa29zzB6ajLhvjbA=}
    engines: {node: '>= 10.13.0'}
    dependencies:
      '@types/node': 20.10.3
      merge-stream: 2.0.0
      supports-color: 8.1.1
    dev: true

  /json-parse-even-better-errors/2.3.1:
    resolution: {integrity: sha1-fEeAWpQxmSjgV3dAXcEuH3pO4C0=}
    dev: true

  /json-schema-traverse/0.4.1:
    resolution: {integrity: sha1-afaofZUTq4u4/mO9sJecRI5oRmA=, tarball: https://art.haizhi.com:443/artifactory/api/npm/npm/json-schema-traverse/-/json-schema-traverse-0.4.1.tgz}
    dev: true

  /kind-of/6.0.3:
    resolution: {integrity: sha1-B8BQNKbDSfoG4k+jWqdttFgM5N0=, tarball: https://art.haizhi.com:443/artifactory/api/npm/npm/kind-of/-/kind-of-6.0.3.tgz}
    engines: {node: '>=0.10.0'}
    dev: true

  /loader-runner/4.3.0:
    resolution: {integrity: sha1-wbShY7mfYUgwNTsWdV5xSawjFOE=}
    engines: {node: '>=6.11.5'}
    dev: true

  /locate-path/5.0.0:
    resolution: {integrity: sha1-Gvujlq/WdqbUJQTQpno6frn2KqA=, tarball: https://art.haizhi.com:443/artifactory/api/npm/npm/locate-path/-/locate-path-5.0.0.tgz}
    engines: {node: '>=8'}
    dependencies:
      p-locate: 4.1.0
    dev: true

  /lru-cache/6.0.0:
    resolution: {integrity: sha1-bW/mVw69lqr5D8rR2vo7JWbbOpQ=, tarball: https://art.haizhi.com:443/artifactory/api/npm/npm/lru-cache/-/lru-cache-6.0.0.tgz}
    engines: {node: '>=10'}
    dependencies:
      yallist: 4.0.0
    dev: true

  /merge-stream/2.0.0:
    resolution: {integrity: sha1-UoI2KaFN0AyXcPtq1H3GMQ8sH2A=, tarball: https://art.haizhi.com:443/artifactory/api/npm/npm/merge-stream/-/merge-stream-2.0.0.tgz}
    dev: true

  /mime-db/1.52.0:
    resolution: {integrity: sha1-u6vNwChZ9JhzAchW4zh85exDv3A=, tarball: https://art.haizhi.com:443/artifactory/api/npm/npm/mime-db/-/mime-db-1.52.0.tgz}
    engines: {node: '>= 0.6'}
    dev: true

  /mime-types/2.1.35:
    resolution: {integrity: sha1-OBqHG2KnNEUGYK497uRIE/cNlZo=}
    engines: {node: '>= 0.6'}
    dependencies:
      mime-db: 1.52.0
    dev: true

  /nanoid/3.3.7:
    resolution: {integrity: sha1-0MMBppG8jVTvoKIibM8/4v1la9g=, tarball: https://art.haizhi.com:443/artifactory/api/npm/npm/nanoid/-/nanoid-3.3.7.tgz}
    engines: {node: ^10 || ^12 || ^13.7 || ^14 || >=15.0.1}
    hasBin: true
    dev: true

  /neo-async/2.6.2:
    resolution: {integrity: sha1-tKr7k+OustgXTKU88WOrfXMIMF8=}
    dev: true

  /node-releases/2.0.14:
    resolution: {integrity: sha1-L/sFO864sr6Elezhq2zmAMRGGws=}
    dev: true

  /normalize-path/3.0.0:
    resolution: {integrity: sha1-Dc1p/yOhybEf0JeDFmRKA4ghamU=, tarball: https://art.haizhi.com:443/artifactory/api/npm/npm/normalize-path/-/normalize-path-3.0.0.tgz}
    engines: {node: '>=0.10.0'}
    dev: true

  /p-limit/2.3.0:
    resolution: {integrity: sha1-PdM8ZHohT9//2DWTPrCG2g3CHbE=, tarball: https://art.haizhi.com:443/artifactory/api/npm/npm/p-limit/-/p-limit-2.3.0.tgz}
    engines: {node: '>=6'}
    dependencies:
      p-try: 2.2.0
    dev: true

  /p-locate/4.1.0:
    resolution: {integrity: sha1-o0KLtwiLOmApL2aRkni3wpetTwc=, tarball: https://art.haizhi.com:443/artifactory/api/npm/npm/p-locate/-/p-locate-4.1.0.tgz}
    engines: {node: '>=8'}
    dependencies:
      p-limit: 2.3.0
    dev: true

  /p-try/2.2.0:
    resolution: {integrity: sha1-yyhoVA4xPWHeWPr741zpAE1VQOY=, tarball: https://art.haizhi.com:443/artifactory/api/npm/npm/p-try/-/p-try-2.2.0.tgz}
    engines: {node: '>=6'}
    dev: true

  /path-exists/4.0.0:
    resolution: {integrity: sha1-UTvb4tO5XXdi6METfvoZXGxhtbM=, tarball: https://art.haizhi.com:443/artifactory/api/npm/npm/path-exists/-/path-exists-4.0.0.tgz}
    engines: {node: '>=8'}
    dev: true

  /path-key/3.1.1:
    resolution: {integrity: sha1-WB9q3mWMu6ZaDTOA3ndTKVBU83U=, tarball: https://art.haizhi.com:443/artifactory/api/npm/npm/path-key/-/path-key-3.1.1.tgz}
    engines: {node: '>=8'}
    dev: true

  /path-parse/1.0.7:
    resolution: {integrity: sha1-+8EUtgykKzDZ2vWFjkvWi77bZzU=, tarball: https://art.haizhi.com:443/artifactory/api/npm/npm/path-parse/-/path-parse-1.0.7.tgz}
    dev: true

  /picocolors/1.0.0:
    resolution: {integrity: sha1-y1vcdP8/UYkiNur3nWi8RFZKuBw=}
    dev: true

  /picomatch/2.3.1:
    resolution: {integrity: sha1-O6ODNzNkbZ0+SZWUbBNlpn+wekI=, tarball: https://art.haizhi.com:443/artifactory/api/npm/npm/picomatch/-/picomatch-2.3.1.tgz}
    engines: {node: '>=8.6'}
    dev: true

  /pkg-dir/4.2.0:
    resolution: {integrity: sha1-8JkTPfft5CLoHR2ESCcO6z5CYfM=, tarball: https://art.haizhi.com:443/artifactory/api/npm/npm/pkg-dir/-/pkg-dir-4.2.0.tgz}
    engines: {node: '>=8'}
    dependencies:
      find-up: 4.1.0
    dev: true

  /postcss-modules-extract-imports/3.0.0_postcss@8.4.32:
    resolution: {integrity: sha1-zaHwR8CugMl9vijD52pDuIAldB0=}
    engines: {node: ^10 || ^12 || >= 14}
    peerDependencies:
      postcss: ^8.1.0
    dependencies:
      postcss: 8.4.32
    dev: true

  /postcss-modules-local-by-default/4.0.3_postcss@8.4.32:
    resolution: {integrity: sha1-sI608IMFBwiZi6LGBhtQwocMpSQ=}
    engines: {node: ^10 || ^12 || >= 14}
    peerDependencies:
      postcss: ^8.1.0
    dependencies:
      icss-utils: 5.1.0_postcss@8.4.32
      postcss: 8.4.32
      postcss-selector-parser: 6.0.13
      postcss-value-parser: 4.2.0
    dev: true

  /postcss-modules-scope/3.0.0_postcss@8.4.32:
    resolution: {integrity: sha1-nvMVFFbTu/oSDKRImN/Kby+gHwY=}
    engines: {node: ^10 || ^12 || >= 14}
    peerDependencies:
      postcss: ^8.1.0
    dependencies:
      postcss: 8.4.32
      postcss-selector-parser: 6.0.13
    dev: true

  /postcss-modules-values/4.0.0_postcss@8.4.32:
    resolution: {integrity: sha1-18Xn5ow7s8myfL9Iyguz/7RgLJw=}
    engines: {node: ^10 || ^12 || >= 14}
    peerDependencies:
      postcss: ^8.1.0
    dependencies:
      icss-utils: 5.1.0_postcss@8.4.32
      postcss: 8.4.32
    dev: true

  /postcss-selector-parser/6.0.13:
    resolution: {integrity: sha1-0F2NdrHo4XMlfvnWC3Bqjl6Zvxs=}
    engines: {node: '>=4'}
    dependencies:
      cssesc: 3.0.0
      util-deprecate: 1.0.2
    dev: true

  /postcss-value-parser/4.2.0:
    resolution: {integrity: sha1-cjwJkgg2um0+WvAZ+SvAlxwC5RQ=}
    dev: true

  /postcss/8.4.32:
    resolution: {integrity: sha1-HaxqxRqxmtshuLNP0tk6hkQO9sk=}
    engines: {node: ^10 || ^12 || >=14}
    dependencies:
      nanoid: 3.3.7
      picocolors: 1.0.0
      source-map-js: 1.0.2
    dev: true

  /punycode/2.3.1:
    resolution: {integrity: sha1-AnQi4vrsCyXhVJw+G9gwm5EztuU=, tarball: https://art.haizhi.com:443/artifactory/api/npm/npm/punycode/-/punycode-2.3.1.tgz}
    engines: {node: '>=6'}
    dev: true

  /randombytes/2.1.0:
    resolution: {integrity: sha1-32+ENy8CcNxlzfYpE0mrekc9Tyo=, tarball: https://art.haizhi.com:443/artifactory/api/npm/npm/randombytes/-/randombytes-2.1.0.tgz}
    dependencies:
      safe-buffer: 5.2.1
    dev: true

  /readdirp/3.6.0:
    resolution: {integrity: sha1-dKNwvYVxFuJFspzJc0DNQxoCpsc=, tarball: https://art.haizhi.com:443/artifactory/api/npm/npm/readdirp/-/readdirp-3.6.0.tgz}
    engines: {node: '>=8.10.0'}
    dependencies:
      picomatch: 2.3.1
    dev: true

  /rechoir/0.8.0:
    resolution: {integrity: sha1-Sfhm4NMhRhQto62PDv81KzIV/yI=}
    engines: {node: '>= 10.13.0'}
    dependencies:
      resolve: 1.22.8
    dev: true

  /resolve-cwd/3.0.0:
    resolution: {integrity: sha1-DwB18bslRHZs9zumpuKt/ryxPy0=, tarball: https://art.haizhi.com:443/artifactory/api/npm/npm/resolve-cwd/-/resolve-cwd-3.0.0.tgz}
    engines: {node: '>=8'}
    dependencies:
      resolve-from: 5.0.0
    dev: true

  /resolve-from/5.0.0:
    resolution: {integrity: sha1-w1IlhD3493bfIcV1V7wIfp39/Gk=, tarball: https://art.haizhi.com:443/artifactory/api/npm/npm/resolve-from/-/resolve-from-5.0.0.tgz}
    engines: {node: '>=8'}
    dev: true

  /resolve/1.22.8:
    resolution: {integrity: sha1-tsh6nyqgbfq1Lj1wrIzeMh+lpI0=, tarball: https://art.haizhi.com:443/artifactory/api/npm/npm/resolve/-/resolve-1.22.8.tgz}
    hasBin: true
    dependencies:
      is-core-module: 2.13.1
      path-parse: 1.0.7
      supports-preserve-symlinks-flag: 1.0.0
    dev: true

  /safe-buffer/5.2.1:
    resolution: {integrity: sha1-Hq+fqb2x/dTsdfWPnNtOa3gn7sY=, tarball: https://art.haizhi.com:443/artifactory/api/npm/npm/safe-buffer/-/safe-buffer-5.2.1.tgz}
    dev: true

  /sass-loader/13.3.2_sass@1.69.5+webpack@5.89.0:
    resolution: {integrity: sha1-RgAi3ieux3JIDwPeF/W6iPp+GMY=}
    engines: {node: '>= 14.15.0'}
    peerDependencies:
      fibers: '>= 3.1.0'
      node-sass: ^4.0.0 || ^5.0.0 || ^6.0.0 || ^7.0.0 || ^8.0.0 || ^9.0.0
      sass: ^1.3.0
      sass-embedded: '*'
      webpack: ^5.0.0
    peerDependenciesMeta:
      fibers:
        optional: true
      node-sass:
        optional: true
      sass:
        optional: true
      sass-embedded:
        optional: true
    dependencies:
      neo-async: 2.6.2
      sass: 1.69.5
      webpack: 5.89.0_webpack-cli@5.1.4
    dev: true

  /sass/1.69.5:
    resolution: {integrity: sha1-I+GNHHV6NfLlLMgYcQYLmtZT394=}
    engines: {node: '>=14.0.0'}
    hasBin: true
    dependencies:
      chokidar: 3.5.3
      immutable: 4.3.4
      source-map-js: 1.0.2
    dev: true

  /schema-utils/3.3.0:
    resolution: {integrity: sha1-9QqIh3w8AWUqFbYirp6Xld96YP4=}
    engines: {node: '>= 10.13.0'}
    dependencies:
      '@types/json-schema': 7.0.15
      ajv: 6.12.6
      ajv-keywords: 3.5.2_ajv@6.12.6
    dev: true

  /semver/7.5.4:
    resolution: {integrity: sha1-SDmG7E7TjhxsSMNIlKkYLb/2im4=}
    engines: {node: '>=10'}
    hasBin: true
    dependencies:
      lru-cache: 6.0.0
    dev: true

  /serialize-javascript/6.0.1:
    resolution: {integrity: sha1-sgbvsnw9oLCra1L0jRcLeZZFjlw=}
    dependencies:
      randombytes: 2.1.0
    dev: true

  /shallow-clone/3.0.1:
    resolution: {integrity: sha1-jymBrZJTH1UDWwH7IwdppA4C76M=, tarball: https://art.haizhi.com:443/artifactory/api/npm/npm/shallow-clone/-/shallow-clone-3.0.1.tgz}
    engines: {node: '>=8'}
    dependencies:
      kind-of: 6.0.3
    dev: true

  /shebang-command/2.0.0:
    resolution: {integrity: sha1-zNCvT4g1+9wmW4JGGq8MNmY/NOo=, tarball: https://art.haizhi.com:443/artifactory/api/npm/npm/shebang-command/-/shebang-command-2.0.0.tgz}
    engines: {node: '>=8'}
    dependencies:
      shebang-regex: 3.0.0
    dev: true

  /shebang-regex/3.0.0:
    resolution: {integrity: sha1-rhbxZE2HPsrYQ7AwexQzYtTEIXI=, tarball: https://art.haizhi.com:443/artifactory/api/npm/npm/shebang-regex/-/shebang-regex-3.0.0.tgz}
    engines: {node: '>=8'}
    dev: true

  /source-map-js/1.0.2:
    resolution: {integrity: sha1-rbw2HZxi3zgBJefxYfccgm8eSQw=, tarball: https://art.haizhi.com:443/artifactory/api/npm/npm/source-map-js/-/source-map-js-1.0.2.tgz}
    engines: {node: '>=0.10.0'}
    dev: true

  /source-map-support/0.5.21:
    resolution: {integrity: sha1-BP58f54e0tZiIzwoyys1ufY/bk8=, tarball: https://art.haizhi.com:443/artifactory/api/npm/npm/source-map-support/-/source-map-support-0.5.21.tgz}
    dependencies:
      buffer-from: 1.1.2
      source-map: 0.6.1
    dev: true

  /source-map/0.6.1:
    resolution: {integrity: sha1-dHIq8y6WFOnCh6jQu95IteLxomM=, tarball: https://art.haizhi.com:443/artifactory/api/npm/npm/source-map/-/source-map-0.6.1.tgz}
    engines: {node: '>=0.10.0'}
    dev: true

  /style-loader/3.3.3_webpack@5.89.0:
    resolution: {integrity: sha1-u6jarBmTAWnAyclnBnSaWXrjrP8=}
    engines: {node: '>= 12.13.0'}
    peerDependencies:
      webpack: ^5.0.0
    dependencies:
      webpack: 5.89.0_webpack-cli@5.1.4
    dev: true

  /supports-color/8.1.1:
    resolution: {integrity: sha1-zW/BfihQDP9WwbhsCn/UpUpzAFw=, tarball: https://art.haizhi.com:443/artifactory/api/npm/npm/supports-color/-/supports-color-8.1.1.tgz}
    engines: {node: '>=10'}
    dependencies:
      has-flag: 4.0.0
    dev: true

  /supports-preserve-symlinks-flag/1.0.0:
    resolution: {integrity: sha1-btpL00SjyUrqN21MwxvHcxEDngk=, tarball: https://art.haizhi.com:443/artifactory/api/npm/npm/supports-preserve-symlinks-flag/-/supports-preserve-symlinks-flag-1.0.0.tgz}
    engines: {node: '>= 0.4'}
    dev: true

  /tapable/2.2.1:
    resolution: {integrity: sha1-GWenPvQGCoLxKrlq+G1S/bdu7KA=}
    engines: {node: '>=6'}
    dev: true

  /terser-webpack-plugin/5.3.9_webpack@5.89.0:
    resolution: {integrity: sha1-gyU2mZxRtG1GgGf543Zio7lq3+E=}
    engines: {node: '>= 10.13.0'}
    peerDependencies:
      '@swc/core': '*'
      esbuild: '*'
      uglify-js: '*'
      webpack: ^5.1.0
    peerDependenciesMeta:
      '@swc/core':
        optional: true
      esbuild:
        optional: true
      uglify-js:
        optional: true
    dependencies:
      '@jridgewell/trace-mapping': 0.3.20
      jest-worker: 27.5.1
      schema-utils: 3.3.0
      serialize-javascript: 6.0.1
      terser: 5.25.0
      webpack: 5.89.0_webpack-cli@5.1.4
    dev: true

  /terser/5.25.0:
    resolution: {integrity: sha1-ZXm0zKRbCL8P2qGgRgX9WGDfsqw=}
    engines: {node: '>=10'}
    hasBin: true
    dependencies:
      '@jridgewell/source-map': 0.3.5
      acorn: 8.11.2
      commander: 2.20.3
      source-map-support: 0.5.21
    dev: true

  /to-regex-range/5.0.1:
    resolution: {integrity: sha1-FkjESq58jZiKMmAY7XL1tN0DkuQ=, tarball: https://art.haizhi.com:443/artifactory/api/npm/npm/to-regex-range/-/to-regex-range-5.0.1.tgz}
    engines: {node: '>=8.0'}
    dependencies:
      is-number: 7.0.0
    dev: true

  /undici-types/5.26.5:
    resolution: {integrity: sha1-vNU5iT0AtW6WT9JlekhmsiGmVhc=, tarball: https://art.haizhi.com:443/artifactory/api/npm/npm/undici-types/-/undici-types-5.26.5.tgz}
    dev: true

  /update-browserslist-db/1.0.13_browserslist@4.22.2:
    resolution: {integrity: sha1-PF5PXAg2Yb0472S2Mowm7WyCSMQ=}
    hasBin: true
    peerDependencies:
      browserslist: '>= 4.21.0'
    dependencies:
      browserslist: 4.22.2
      escalade: 3.1.1
      picocolors: 1.0.0
    dev: true

  /uri-js/4.4.1:
    resolution: {integrity: sha1-mxpSWVIlhZ5V9mnZKPiMbFfyp34=, tarball: https://art.haizhi.com:443/artifactory/api/npm/npm/uri-js/-/uri-js-4.4.1.tgz}
    dependencies:
      punycode: 2.3.1
    dev: true

  /util-deprecate/1.0.2:
    resolution: {integrity: sha1-RQ1Nyfpw3nMnYvvS1KKJgUGaDM8=, tarball: https://art.haizhi.com:443/artifactory/api/npm/npm/util-deprecate/-/util-deprecate-1.0.2.tgz}
    dev: true

  /watchpack/2.4.0:
    resolution: {integrity: sha1-+jMDI3SWLHgRP5PH8vtMVMmGKl0=}
    engines: {node: '>=10.13.0'}
    dependencies:
      glob-to-regexp: 0.4.1
      graceful-fs: 4.2.11
    dev: true

  /webpack-cli/5.1.4_webpack@5.89.0:
    resolution: {integrity: sha1-yOBGun6q5JEdfnHislt3b8w1dZs=}
    engines: {node: '>=14.15.0'}
    hasBin: true
    peerDependencies:
      '@webpack-cli/generators': '*'
      webpack: 5.x.x
      webpack-bundle-analyzer: '*'
      webpack-dev-server: '*'
    peerDependenciesMeta:
      '@webpack-cli/generators':
        optional: true
      webpack-bundle-analyzer:
        optional: true
      webpack-dev-server:
        optional: true
    dependencies:
      '@discoveryjs/json-ext': 0.5.7
      '@webpack-cli/configtest': 2.1.1_webpack-cli@5.1.4+webpack@5.89.0
      '@webpack-cli/info': 2.0.2_webpack-cli@5.1.4+webpack@5.89.0
      '@webpack-cli/serve': 2.0.5_webpack-cli@5.1.4+webpack@5.89.0
      colorette: 2.0.20
      commander: 10.0.1
      cross-spawn: 7.0.3
      envinfo: 7.11.0
      fastest-levenshtein: 1.0.16
      import-local: 3.1.0
      interpret: 3.1.1
      rechoir: 0.8.0
      webpack: 5.89.0_webpack-cli@5.1.4
      webpack-merge: 5.10.0
    dev: true

  /webpack-merge/5.10.0:
    resolution: {integrity: sha1-o61ddzJB6caCgDq/Yo1M1iuKQXc=}
    engines: {node: '>=10.0.0'}
    dependencies:
      clone-deep: 4.0.1
      flat: 5.0.2
      wildcard: 2.0.1
    dev: true

  /webpack-sources/3.2.3:
    resolution: {integrity: sha1-LU2quEUf1LJAzCcFX/agwszqDN4=}
    engines: {node: '>=10.13.0'}
    dev: true

  /webpack/5.89.0_webpack-cli@5.1.4:
    resolution: {integrity: sha1-Vri/mjQ1bpOmYldwAGSQvzp/Mtw=}
    engines: {node: '>=10.13.0'}
    hasBin: true
    peerDependencies:
      webpack-cli: '*'
    peerDependenciesMeta:
      webpack-cli:
        optional: true
    dependencies:
      '@types/eslint-scope': 3.7.7
      '@types/estree': 1.0.5
      '@webassemblyjs/ast': 1.11.6
      '@webassemblyjs/wasm-edit': 1.11.6
      '@webassemblyjs/wasm-parser': 1.11.6
      acorn: 8.11.2
      acorn-import-assertions: 1.9.0_acorn@8.11.2
      browserslist: 4.22.2
      chrome-trace-event: 1.0.3
      enhanced-resolve: 5.15.0
      es-module-lexer: 1.4.1
      eslint-scope: 5.1.1
      events: 3.3.0
      glob-to-regexp: 0.4.1
      graceful-fs: 4.2.11
      json-parse-even-better-errors: 2.3.1
      loader-runner: 4.3.0
      mime-types: 2.1.35
      neo-async: 2.6.2
      schema-utils: 3.3.0
      tapable: 2.2.1
      terser-webpack-plugin: 5.3.9_webpack@5.89.0
      watchpack: 2.4.0
      webpack-cli: 5.1.4_webpack@5.89.0
      webpack-sources: 3.2.3
    transitivePeerDependencies:
      - '@swc/core'
      - esbuild
      - uglify-js
    dev: true

  /which/2.0.2:
    resolution: {integrity: sha1-fGqN0KY2oDJ+ELWckobu6T8/UbE=, tarball: https://art.haizhi.com:443/artifactory/api/npm/npm/which/-/which-2.0.2.tgz}
    engines: {node: '>= 8'}
    hasBin: true
    dependencies:
      isexe: 2.0.0
    dev: true

  /wildcard/2.0.1:
    resolution: {integrity: sha1-WrENAkhxmJVINrY0n3T/+WHhD2c=, tarball: https://art.haizhi.com:443/artifactory/api/npm/npm/wildcard/-/wildcard-2.0.1.tgz}
    dev: true

  /yallist/4.0.0:
    resolution: {integrity: sha1-m7knkNnA7/7GO+c1GeEaNQGaOnI=, tarball: https://art.haizhi.com:443/artifactory/api/npm/npm/yallist/-/yallist-4.0.0.tgz}
    dev: true
